// !$*UTF8*$!
{
	archiveVersion = 1;
	classes = {
	};
	objectVersion = 56;
	objects = {

/* Begin PBXBuildFile section */
		19DDC35213D34FD109EEB3AD /* Pods_CoolChat.framework in Frameworks */ = {isa = PBXBuildFile; fileRef = 8A559C79E91215FF236A16BC /* Pods_CoolChat.framework */; };
		D9111E61293A415700899BFD /* RegisterViewController.swift in Sources */ = {isa = PBXBuildFile; fileRef = D9111E60293A415700899BFD /* RegisterViewController.swift */; };
		D9111E63293A4C1D00899BFD /* LogInViewController.swift in Sources */ = {isa = PBXBuildFile; fileRef = D9111E62293A4C1D00899BFD /* LogInViewController.swift */; };
		D9617EBA293B9BA500AD6033 /* GoogleService-Info.plist in Resources */ = {isa = PBXBuildFile; fileRef = D9617EB9293B9BA500AD6033 /* GoogleService-Info.plist */; };
		D96927C1293911C300A56FE9 /* AppDelegate.swift in Sources */ = {isa = PBXBuildFile; fileRef = D96927C0293911C300A56FE9 /* AppDelegate.swift */; };
		D96927C3293911C300A56FE9 /* SceneDelegate.swift in Sources */ = {isa = PBXBuildFile; fileRef = D96927C2293911C300A56FE9 /* SceneDelegate.swift */; };
		D96927C8293911C300A56FE9 /* Main.storyboard in Resources */ = {isa = PBXBuildFile; fileRef = D96927C6293911C300A56FE9 /* Main.storyboard */; };
		D96927CA293911C400A56FE9 /* Assets.xcassets in Resources */ = {isa = PBXBuildFile; fileRef = D96927C9293911C400A56FE9 /* Assets.xcassets */; };
		D96927CD293911C400A56FE9 /* LaunchScreen.storyboard in Resources */ = {isa = PBXBuildFile; fileRef = D96927CB293911C400A56FE9 /* LaunchScreen.storyboard */; };
		D96927D729391F4500A56FE9 /* WelcomeCoolChatViewController.swift in Sources */ = {isa = PBXBuildFile; fileRef = D96927D629391F4500A56FE9 /* WelcomeCoolChatViewController.swift */; };
		D9BB817E293CE97400FCA74E /* Constants.swift in Sources */ = {isa = PBXBuildFile; fileRef = D9BB817D293CE97400FCA74E /* Constants.swift */; };
		D9BB8181293CECEC00FCA74E /* Message.swift in Sources */ = {isa = PBXBuildFile; fileRef = D9BB8180293CECEC00FCA74E /* Message.swift */; };
		D9BB8184293CF0FA00FCA74E /* MessageCell.swift in Sources */ = {isa = PBXBuildFile; fileRef = D9BB8182293CF0FA00FCA74E /* MessageCell.swift */; };
		D9BB8185293CF0FA00FCA74E /* MessageCell.xib in Resources */ = {isa = PBXBuildFile; fileRef = D9BB8183293CF0FA00FCA74E /* MessageCell.xib */; };
		D9F187FE293B908100167D31 /* ChatViewController.swift in Sources */ = {isa = PBXBuildFile; fileRef = D9F187FD293B908100167D31 /* ChatViewController.swift */; };
/* End PBXBuildFile section */

/* Begin PBXFileReference section */
		8A559C79E91215FF236A16BC /* Pods_CoolChat.framework */ = {isa = PBXFileReference; explicitFileType = wrapper.framework; includeInIndex = 0; path = Pods_CoolChat.framework; sourceTree = BUILT_PRODUCTS_DIR; };
		A445DF6AF03B588D777F19F9 /* Pods-CoolChat.release.xcconfig */ = {isa = PBXFileReference; includeInIndex = 1; lastKnownFileType = text.xcconfig; name = "Pods-CoolChat.release.xcconfig"; path = "Target Support Files/Pods-CoolChat/Pods-CoolChat.release.xcconfig"; sourceTree = "<group>"; };
		D9111E60293A415700899BFD /* RegisterViewController.swift */ = {isa = PBXFileReference; lastKnownFileType = sourcecode.swift; path = RegisterViewController.swift; sourceTree = "<group>"; };
		D9111E62293A4C1D00899BFD /* LogInViewController.swift */ = {isa = PBXFileReference; lastKnownFileType = sourcecode.swift; path = LogInViewController.swift; sourceTree = "<group>"; };
		D9617EB9293B9BA500AD6033 /* GoogleService-Info.plist */ = {isa = PBXFileReference; fileEncoding = 4; lastKnownFileType = text.plist.xml; path = "GoogleService-Info.plist"; sourceTree = "<group>"; };
		D96927BD293911C300A56FE9 /* CoolChat.app */ = {isa = PBXFileReference; explicitFileType = wrapper.application; includeInIndex = 0; path = CoolChat.app; sourceTree = BUILT_PRODUCTS_DIR; };
		D96927C0293911C300A56FE9 /* AppDelegate.swift */ = {isa = PBXFileReference; lastKnownFileType = sourcecode.swift; path = AppDelegate.swift; sourceTree = "<group>"; };
		D96927C2293911C300A56FE9 /* SceneDelegate.swift */ = {isa = PBXFileReference; lastKnownFileType = sourcecode.swift; path = SceneDelegate.swift; sourceTree = "<group>"; };
		D96927C7293911C300A56FE9 /* Base */ = {isa = PBXFileReference; lastKnownFileType = file.storyboard; name = Base; path = Base.lproj/Main.storyboard; sourceTree = "<group>"; };
		D96927C9293911C400A56FE9 /* Assets.xcassets */ = {isa = PBXFileReference; lastKnownFileType = folder.assetcatalog; path = Assets.xcassets; sourceTree = "<group>"; };
		D96927CC293911C400A56FE9 /* Base */ = {isa = PBXFileReference; lastKnownFileType = file.storyboard; name = Base; path = Base.lproj/LaunchScreen.storyboard; sourceTree = "<group>"; };
		D96927CE293911C400A56FE9 /* Info.plist */ = {isa = PBXFileReference; lastKnownFileType = text.plist.xml; path = Info.plist; sourceTree = "<group>"; };
		D96927D629391F4500A56FE9 /* WelcomeCoolChatViewController.swift */ = {isa = PBXFileReference; lastKnownFileType = sourcecode.swift; path = WelcomeCoolChatViewController.swift; sourceTree = "<group>"; };
		D9BB817D293CE97400FCA74E /* Constants.swift */ = {isa = PBXFileReference; lastKnownFileType = sourcecode.swift; path = Constants.swift; sourceTree = "<group>"; };
		D9BB8180293CECEC00FCA74E /* Message.swift */ = {isa = PBXFileReference; lastKnownFileType = sourcecode.swift; path = Message.swift; sourceTree = "<group>"; };
		D9BB8182293CF0FA00FCA74E /* MessageCell.swift */ = {isa = PBXFileReference; lastKnownFileType = sourcecode.swift; path = MessageCell.swift; sourceTree = "<group>"; };
		D9BB8183293CF0FA00FCA74E /* MessageCell.xib */ = {isa = PBXFileReference; lastKnownFileType = file.xib; path = MessageCell.xib; sourceTree = "<group>"; };
		D9F187FD293B908100167D31 /* ChatViewController.swift */ = {isa = PBXFileReference; lastKnownFileType = sourcecode.swift; path = ChatViewController.swift; sourceTree = "<group>"; };
		E5ABBF3B415D5B858E888DD2 /* Pods-CoolChat.debug.xcconfig */ = {isa = PBXFileReference; includeInIndex = 1; lastKnownFileType = text.xcconfig; name = "Pods-CoolChat.debug.xcconfig"; path = "Target Support Files/Pods-CoolChat/Pods-CoolChat.debug.xcconfig"; sourceTree = "<group>"; };
/* End PBXFileReference section */

/* Begin PBXFrameworksBuildPhase section */
		D96927BA293911C300A56FE9 /* Frameworks */ = {
			isa = PBXFrameworksBuildPhase;
			buildActionMask = 2147483647;
			files = (
				19DDC35213D34FD109EEB3AD /* Pods_CoolChat.framework in Frameworks */,
			);
			runOnlyForDeploymentPostprocessing = 0;
		};
/* End PBXFrameworksBuildPhase section */

/* Begin PBXGroup section */
		1D1898C179D2A4D78176C076 /* Frameworks */ = {
			isa = PBXGroup;
			children = (
				8A559C79E91215FF236A16BC /* Pods_CoolChat.framework */,
			);
			name = Frameworks;
			sourceTree = "<group>";
		};
		325A17672C521B1DA8F99F71 /* Pods */ = {
			isa = PBXGroup;
			children = (
				E5ABBF3B415D5B858E888DD2 /* Pods-CoolChat.debug.xcconfig */,
				A445DF6AF03B588D777F19F9 /* Pods-CoolChat.release.xcconfig */,
			);
			path = Pods;
			sourceTree = "<group>";
		};
		D96927B4293911C300A56FE9 = {
			isa = PBXGroup;
			children = (
				D96927BF293911C300A56FE9 /* Final Project CoolChat */,
				D96927BE293911C300A56FE9 /* Products */,
				325A17672C521B1DA8F99F71 /* Pods */,
				1D1898C179D2A4D78176C076 /* Frameworks */,
			);
			sourceTree = "<group>";
		};
		D96927BE293911C300A56FE9 /* Products */ = {
			isa = PBXGroup;
			children = (
				D96927BD293911C300A56FE9 /* CoolChat.app */,
			);
			name = Products;
			sourceTree = "<group>";
		};
		D96927BF293911C300A56FE9 /* Final Project CoolChat */ = {
			isa = PBXGroup;
			children = (
				D96927C0293911C300A56FE9 /* AppDelegate.swift */,
				D96927C2293911C300A56FE9 /* SceneDelegate.swift */,
				D9BB817F293CECD000FCA74E /* Model */,
				D96927D429391E9700A56FE9 /* Controller */,
				D96927D529391EA800A56FE9 /* View */,
				D96927C9293911C400A56FE9 /* Assets.xcassets */,
				D96927CB293911C400A56FE9 /* LaunchScreen.storyboard */,
				D96927CE293911C400A56FE9 /* Info.plist */,
				D9617EB9293B9BA500AD6033 /* GoogleService-Info.plist */,
				D9BB817D293CE97400FCA74E /* Constants.swift */,
			);
			path = "Final Project CoolChat";
			sourceTree = "<group>";
		};
		D96927D429391E9700A56FE9 /* Controller */ = {
			isa = PBXGroup;
			children = (
				D96927D629391F4500A56FE9 /* WelcomeCoolChatViewController.swift */,
				D9111E60293A415700899BFD /* RegisterViewController.swift */,
				D9111E62293A4C1D00899BFD /* LogInViewController.swift */,
				D9F187FD293B908100167D31 /* ChatViewController.swift */,
			);
			path = Controller;
			sourceTree = "<group>";
		};
		D96927D529391EA800A56FE9 /* View */ = {
			isa = PBXGroup;
			children = (
				D96927C6293911C300A56FE9 /* Main.storyboard */,
				D9BB8182293CF0FA00FCA74E /* MessageCell.swift */,
				D9BB8183293CF0FA00FCA74E /* MessageCell.xib */,
			);
			path = View;
			sourceTree = "<group>";
		};
		D9BB817F293CECD000FCA74E /* Model */ = {
			isa = PBXGroup;
			children = (
				D9BB8180293CECEC00FCA74E /* Message.swift */,
			);
			path = Model;
			sourceTree = "<group>";
		};
/* End PBXGroup section */

/* Begin PBXNativeTarget section */
		D96927BC293911C300A56FE9 /* CoolChat */ = {
			isa = PBXNativeTarget;
			buildConfigurationList = D96927D1293911C400A56FE9 /* Build configuration list for PBXNativeTarget "CoolChat" */;
			buildPhases = (
				820B554FE4C399A12741F86B /* [CP] Check Pods Manifest.lock */,
				D96927B9293911C300A56FE9 /* Sources */,
				D96927BA293911C300A56FE9 /* Frameworks */,
				D96927BB293911C300A56FE9 /* Resources */,
				D2A9308179777466B2AD1D29 /* [CP] Embed Pods Frameworks */,
			);
			buildRules = (
			);
			dependencies = (
			);
			name = CoolChat;
			productName = "Final Project CoolChat";
			productReference = D96927BD293911C300A56FE9 /* CoolChat.app */;
			productType = "com.apple.product-type.application";
		};
/* End PBXNativeTarget section */

/* Begin PBXProject section */
		D96927B5293911C300A56FE9 /* Project object */ = {
			isa = PBXProject;
			attributes = {
				BuildIndependentTargetsInParallel = 1;
				LastSwiftUpdateCheck = 1410;
				LastUpgradeCheck = 1410;
				TargetAttributes = {
					D96927BC293911C300A56FE9 = {
						CreatedOnToolsVersion = 14.1;
					};
				};
			};
			buildConfigurationList = D96927B8293911C300A56FE9 /* Build configuration list for PBXProject "CoolChat" */;
			compatibilityVersion = "Xcode 14.0";
			developmentRegion = en;
			hasScannedForEncodings = 0;
			knownRegions = (
				en,
				Base,
			);
			mainGroup = D96927B4293911C300A56FE9;
			productRefGroup = D96927BE293911C300A56FE9 /* Products */;
			projectDirPath = "";
			projectRoot = "";
			targets = (
				D96927BC293911C300A56FE9 /* CoolChat */,
			);
		};
/* End PBXProject section */

/* Begin PBXResourcesBuildPhase section */
		D96927BB293911C300A56FE9 /* Resources */ = {
			isa = PBXResourcesBuildPhase;
			buildActionMask = 2147483647;
			files = (
				D9BB8185293CF0FA00FCA74E /* MessageCell.xib in Resources */,
				D96927CD293911C400A56FE9 /* LaunchScreen.storyboard in Resources */,
				D9617EBA293B9BA500AD6033 /* GoogleService-Info.plist in Resources */,
				D96927CA293911C400A56FE9 /* Assets.xcassets in Resources */,
				D96927C8293911C300A56FE9 /* Main.storyboard in Resources */,
			);
			runOnlyForDeploymentPostprocessing = 0;
		};
/* End PBXResourcesBuildPhase section */

/* Begin PBXShellScriptBuildPhase section */
		820B554FE4C399A12741F86B /* [CP] Check Pods Manifest.lock */ = {
			isa = PBXShellScriptBuildPhase;
			buildActionMask = 2147483647;
			files = (
			);
			inputFileListPaths = (
			);
			inputPaths = (
				"${PODS_PODFILE_DIR_PATH}/Podfile.lock",
				"${PODS_ROOT}/Manifest.lock",
			);
			name = "[CP] Check Pods Manifest.lock";
			outputFileListPaths = (
			);
			outputPaths = (
				"$(DERIVED_FILE_DIR)/Pods-CoolChat-checkManifestLockResult.txt",
			);
			runOnlyForDeploymentPostprocessing = 0;
			shellPath = /bin/sh;
			shellScript = "diff \"${PODS_PODFILE_DIR_PATH}/Podfile.lock\" \"${PODS_ROOT}/Manifest.lock\" > /dev/null\nif [ $? != 0 ] ; then\n    # print error to STDERR\n    echo \"error: The sandbox is not in sync with the Podfile.lock. Run 'pod install' or update your CocoaPods installation.\" >&2\n    exit 1\nfi\n# This output is used by Xcode 'outputs' to avoid re-running this script phase.\necho \"SUCCESS\" > \"${SCRIPT_OUTPUT_FILE_0}\"\n";
			showEnvVarsInLog = 0;
		};
		D2A9308179777466B2AD1D29 /* [CP] Embed Pods Frameworks */ = {
			isa = PBXShellScriptBuildPhase;
			buildActionMask = 2147483647;
			files = (
			);
			inputFileListPaths = (
				"${PODS_ROOT}/Target Support Files/Pods-CoolChat/Pods-CoolChat-frameworks-${CONFIGURATION}-input-files.xcfilelist",
			);
			name = "[CP] Embed Pods Frameworks";
			outputFileListPaths = (
				"${PODS_ROOT}/Target Support Files/Pods-CoolChat/Pods-CoolChat-frameworks-${CONFIGURATION}-output-files.xcfilelist",
			);
			runOnlyForDeploymentPostprocessing = 0;
			shellPath = /bin/sh;
			shellScript = "\"${PODS_ROOT}/Target Support Files/Pods-CoolChat/Pods-CoolChat-frameworks.sh\"\n";
			showEnvVarsInLog = 0;
		};
/* End PBXShellScriptBuildPhase section */

/* Begin PBXSourcesBuildPhase section */
		D96927B9293911C300A56FE9 /* Sources */ = {
			isa = PBXSourcesBuildPhase;
			buildActionMask = 2147483647;
			files = (
				D96927C1293911C300A56FE9 /* AppDelegate.swift in Sources */,
				D96927C3293911C300A56FE9 /* SceneDelegate.swift in Sources */,
				D96927D729391F4500A56FE9 /* WelcomeCoolChatViewController.swift in Sources */,
				D9111E63293A4C1D00899BFD /* LogInViewController.swift in Sources */,
				D9BB817E293CE97400FCA74E /* Constants.swift in Sources */,
				D9BB8181293CECEC00FCA74E /* Message.swift in Sources */,
				D9F187FE293B908100167D31 /* ChatViewController.swift in Sources */,
				D9111E61293A415700899BFD /* RegisterViewController.swift in Sources */,
				D9BB8184293CF0FA00FCA74E /* MessageCell.swift in Sources */,
			);
			runOnlyForDeploymentPostprocessing = 0;
		};
/* End PBXSourcesBuildPhase section */

/* Begin PBXVariantGroup section */
		D96927C6293911C300A56FE9 /* Main.storyboard */ = {
			isa = PBXVariantGroup;
			children = (
				D96927C7293911C300A56FE9 /* Base */,
			);
			name = Main.storyboard;
			sourceTree = "<group>";
		};
		D96927CB293911C400A56FE9 /* LaunchScreen.storyboard */ = {
			isa = PBXVariantGroup;
			children = (
				D96927CC293911C400A56FE9 /* Base */,
			);
			name = LaunchScreen.storyboard;
			sourceTree = "<group>";
		};
/* End PBXVariantGroup section */

/* Begin XCBuildConfiguration section */
		D96927CF293911C400A56FE9 /* Debug */ = {
			isa = XCBuildConfiguration;
			buildSettings = {
				ALWAYS_SEARCH_USER_PATHS = NO;
				CLANG_ANALYZER_NONNULL = YES;
				CLANG_ANALYZER_NUMBER_OBJECT_CONVERSION = YES_AGGRESSIVE;
				CLANG_CXX_LANGUAGE_STANDARD = "gnu++20";
				CLANG_ENABLE_MODULES = YES;
				CLANG_ENABLE_OBJC_ARC = YES;
				CLANG_ENABLE_OBJC_WEAK = YES;
				CLANG_WARN_BLOCK_CAPTURE_AUTORELEASING = YES;
				CLANG_WARN_BOOL_CONVERSION = YES;
				CLANG_WARN_COMMA = YES;
				CLANG_WARN_CONSTANT_CONVERSION = YES;
				CLANG_WARN_DEPRECATED_OBJC_IMPLEMENTATIONS = YES;
				CLANG_WARN_DIRECT_OBJC_ISA_USAGE = YES_ERROR;
				CLANG_WARN_DOCUMENTATION_COMMENTS = YES;
				CLANG_WARN_EMPTY_BODY = YES;
				CLANG_WARN_ENUM_CONVERSION = YES;
				CLANG_WARN_INFINITE_RECURSION = YES;
				CLANG_WARN_INT_CONVERSION = YES;
				CLANG_WARN_NON_LITERAL_NULL_CONVERSION = YES;
				CLANG_WARN_OBJC_IMPLICIT_RETAIN_SELF = YES;
				CLANG_WARN_OBJC_LITERAL_CONVERSION = YES;
				CLANG_WARN_OBJC_ROOT_CLASS = YES_ERROR;
				CLANG_WARN_QUOTED_INCLUDE_IN_FRAMEWORK_HEADER = YES;
				CLANG_WARN_RANGE_LOOP_ANALYSIS = YES;
				CLANG_WARN_STRICT_PROTOTYPES = YES;
				CLANG_WARN_SUSPICIOUS_MOVE = YES;
				CLANG_WARN_UNGUARDED_AVAILABILITY = YES_AGGRESSIVE;
				CLANG_WARN_UNREACHABLE_CODE = YES;
				CLANG_WARN__DUPLICATE_METHOD_MATCH = YES;
				COPY_PHASE_STRIP = NO;
				DEBUG_INFORMATION_FORMAT = dwarf;
				ENABLE_STRICT_OBJC_MSGSEND = YES;
				ENABLE_TESTABILITY = YES;
				GCC_C_LANGUAGE_STANDARD = gnu11;
				GCC_DYNAMIC_NO_PIC = NO;
				GCC_NO_COMMON_BLOCKS = YES;
				GCC_OPTIMIZATION_LEVEL = 0;
				GCC_PREPROCESSOR_DEFINITIONS = (
					"DEBUG=1",
					"$(inherited)",
				);
				GCC_WARN_64_TO_32_BIT_CONVERSION = YES;
				GCC_WARN_ABOUT_RETURN_TYPE = YES_ERROR;
				GCC_WARN_UNDECLARED_SELECTOR = YES;
				GCC_WARN_UNINITIALIZED_AUTOS = YES_AGGRESSIVE;
				GCC_WARN_UNUSED_FUNCTION = YES;
				GCC_WARN_UNUSED_VARIABLE = YES;
				IPHONEOS_DEPLOYMENT_TARGET = 16.1;
				MTL_ENABLE_DEBUG_INFO = INCLUDE_SOURCE;
				MTL_FAST_MATH = YES;
				ONLY_ACTIVE_ARCH = YES;
				SDKROOT = iphoneos;
				SWIFT_ACTIVE_COMPILATION_CONDITIONS = DEBUG;
				SWIFT_OPTIMIZATION_LEVEL = "-Onone";
			};
			name = Debug;
		};
		D96927D0293911C400A56FE9 /* Release */ = {
			isa = XCBuildConfiguration;
			buildSettings = {
				ALWAYS_SEARCH_USER_PATHS = NO;
				CLANG_ANALYZER_NONNULL = YES;
				CLANG_ANALYZER_NUMBER_OBJECT_CONVERSION = YES_AGGRESSIVE;
				CLANG_CXX_LANGUAGE_STANDARD = "gnu++20";
				CLANG_ENABLE_MODULES = YES;
				CLANG_ENABLE_OBJC_ARC = YES;
				CLANG_ENABLE_OBJC_WEAK = YES;
				CLANG_WARN_BLOCK_CAPTURE_AUTORELEASING = YES;
				CLANG_WARN_BOOL_CONVERSION = YES;
				CLANG_WARN_COMMA = YES;
				CLANG_WARN_CONSTANT_CONVERSION = YES;
				CLANG_WARN_DEPRECATED_OBJC_IMPLEMENTATIONS = YES;
				CLANG_WARN_DIRECT_OBJC_ISA_USAGE = YES_ERROR;
				CLANG_WARN_DOCUMENTATION_COMMENTS = YES;
				CLANG_WARN_EMPTY_BODY = YES;
				CLANG_WARN_ENUM_CONVERSION = YES;
				CLANG_WARN_INFINITE_RECURSION = YES;
				CLANG_WARN_INT_CONVERSION = YES;
				CLANG_WARN_NON_LITERAL_NULL_CONVERSION = YES;
				CLANG_WARN_OBJC_IMPLICIT_RETAIN_SELF = YES;
				CLANG_WARN_OBJC_LITERAL_CONVERSION = YES;
				CLANG_WARN_OBJC_ROOT_CLASS = YES_ERROR;
				CLANG_WARN_QUOTED_INCLUDE_IN_FRAMEWORK_HEADER = YES;
				CLANG_WARN_RANGE_LOOP_ANALYSIS = YES;
				CLANG_WARN_STRICT_PROTOTYPES = YES;
				CLANG_WARN_SUSPICIOUS_MOVE = YES;
				CLANG_WARN_UNGUARDED_AVAILABILITY = YES_AGGRESSIVE;
				CLANG_WARN_UNREACHABLE_CODE = YES;
				CLANG_WARN__DUPLICATE_METHOD_MATCH = YES;
				COPY_PHASE_STRIP = NO;
				DEBUG_INFORMATION_FORMAT = "dwarf-with-dsym";
				ENABLE_NS_ASSERTIONS = NO;
				ENABLE_STRICT_OBJC_MSGSEND = YES;
				GCC_C_LANGUAGE_STANDARD = gnu11;
				GCC_NO_COMMON_BLOCKS = YES;
				GCC_WARN_64_TO_32_BIT_CONVERSION = YES;
				GCC_WARN_ABOUT_RETURN_TYPE = YES_ERROR;
				GCC_WARN_UNDECLARED_SELECTOR = YES;
				GCC_WARN_UNINITIALIZED_AUTOS = YES_AGGRESSIVE;
				GCC_WARN_UNUSED_FUNCTION = YES;
				GCC_WARN_UNUSED_VARIABLE = YES;
				IPHONEOS_DEPLOYMENT_TARGET = 16.1;
				MTL_ENABLE_DEBUG_INFO = NO;
				MTL_FAST_MATH = YES;
				SDKROOT = iphoneos;
				SWIFT_COMPILATION_MODE = wholemodule;
				SWIFT_OPTIMIZATION_LEVEL = "-O";
				VALIDATE_PRODUCT = YES;
			};
			name = Release;
		};
		D96927D2293911C400A56FE9 /* Debug */ = {
			isa = XCBuildConfiguration;
			baseConfigurationReference = E5ABBF3B415D5B858E888DD2 /* Pods-CoolChat.debug.xcconfig */;
			buildSettings = {
				ASSETCATALOG_COMPILER_APPICON_NAME = AppIcon;
				ASSETCATALOG_COMPILER_GLOBAL_ACCENT_COLOR_NAME = AccentColor;
				CODE_SIGN_STYLE = Automatic;
				CURRENT_PROJECT_VERSION = 1;
				DEVELOPMENT_TEAM = 45V693LS79;
				GENERATE_INFOPLIST_FILE = YES;
				INFOPLIST_FILE = "Final Project CoolChat/Info.plist";
				INFOPLIST_KEY_UIApplicationSupportsIndirectInputEvents = YES;
				INFOPLIST_KEY_UILaunchStoryboardName = LaunchScreen;
				INFOPLIST_KEY_UIMainStoryboardFile = Main;
				INFOPLIST_KEY_UISupportedInterfaceOrientations_iPad = "UIInterfaceOrientationPortrait UIInterfaceOrientationPortraitUpsideDown UIInterfaceOrientationLandscapeLeft UIInterfaceOrientationLandscapeRight";
				INFOPLIST_KEY_UISupportedInterfaceOrientations_iPhone = "UIInterfaceOrientationPortrait UIInterfaceOrientationLandscapeLeft UIInterfaceOrientationLandscapeRight";
				LD_RUNPATH_SEARCH_PATHS = (
					"$(inherited)",
					"@executable_path/Frameworks",
				);
				MARKETING_VERSION = 1.0;
				PRODUCT_BUNDLE_IDENTIFIER = Jembo.CoolChat;
				PRODUCT_NAME = "$(TARGET_NAME)";
				SWIFT_EMIT_LOC_STRINGS = YES;
				SWIFT_VERSION = 5.0;
				TARGETED_DEVICE_FAMILY = "1,2";
			};
			name = Debug;
		};
		D96927D3293911C400A56FE9 /* Release */ = {
			isa = XCBuildConfiguration;
			baseConfigurationReference = A445DF6AF03B588D777F19F9 /* Pods-CoolChat.release.xcconfig */;
			buildSettings = {
				ASSETCATALOG_COMPILER_APPICON_NAME = AppIcon;
				ASSETCATALOG_COMPILER_GLOBAL_ACCENT_COLOR_NAME = AccentColor;
				CODE_SIGN_STYLE = Automatic;
				CURRENT_PROJECT_VERSION = 1;
				DEVELOPMENT_TEAM = 45V693LS79;
				GENERATE_INFOPLIST_FILE = YES;
				INFOPLIST_FILE = "Final Project CoolChat/Info.plist";
				INFOPLIST_KEY_UIApplicationSupportsIndirectInputEvents = YES;
				INFOPLIST_KEY_UILaunchStoryboardName = LaunchScreen;
				INFOPLIST_KEY_UIMainStoryboardFile = Main;
				INFOPLIST_KEY_UISupportedInterfaceOrientations_iPad = "UIInterfaceOrientationPortrait UIInterfaceOrientationPortraitUpsideDown UIInterfaceOrientationLandscapeLeft UIInterfaceOrientationLandscapeRight";
				INFOPLIST_KEY_UISupportedInterfaceOrientations_iPhone = "UIInterfaceOrientationPortrait UIInterfaceOrientationLandscapeLeft UIInterfaceOrientationLandscapeRight";
				LD_RUNPATH_SEARCH_PATHS = (
					"$(inherited)",
					"@executable_path/Frameworks",
				);
				MARKETING_VERSION = 1.0;
				PRODUCT_BUNDLE_IDENTIFIER = Jembo.CoolChat;
				PRODUCT_NAME = "$(TARGET_NAME)";
				SWIFT_EMIT_LOC_STRINGS = YES;
				SWIFT_VERSION = 5.0;
				TARGETED_DEVICE_FAMILY = "1,2";
			};
			name = Release;
		};
/* End XCBuildConfiguration section */

/* Begin XCConfigurationList section */
		D96927B8293911C300A56FE9 /* Build configuration list for PBXProject "CoolChat" */ = {
			isa = XCConfigurationList;
			buildConfigurations = (
				D96927CF293911C400A56FE9 /* Debug */,
				D96927D0293911C400A56FE9 /* Release */,
			);
			defaultConfigurationIsVisible = 0;
			defaultConfigurationName = Release;
		};
		D96927D1293911C400A56FE9 /* Build configuration list for PBXNativeTarget "CoolChat" */ = {
			isa = XCConfigurationList;
			buildConfigurations = (
				D96927D2293911C400A56FE9 /* Debug */,
				D96927D3293911C400A56FE9 /* Release */,
			);
			defaultConfigurationIsVisible = 0;
			defaultConfigurationName = Release;
		};
/* End XCConfigurationList section */
	};
	rootObject = D96927B5293911C300A56FE9 /* Project object */;
}
